
Microsoft Visual Studio Solution File, Format Version 12.00
# Visual Studio Version 17
VisualStudioVersion = 17.13.35913.81
MinimumVisualStudioVersion = 10.0.40219.1
Project("{FAE04EC0-301F-11D3-BF4B-00C04F79EFBC}") = "inventory-api", "inventory-api.csproj", "{675B4F49-1845-42DF-97DD-2A4086389424}"
EndProject
Global
	GlobalSection(SolutionConfigurationPlatforms) = preSolution
		Debug|Any CPU = Debug|Any CPU
		Release|Any CPU = Release|Any CPU
	EndGlobalSection
	GlobalSection(ProjectConfigurationPlatforms) = postSolution
		{675B4F49-1845-42DF-97DD-2A4086389424}.Debug|Any CPU.ActiveCfg = Debug|Any CPU
		{675B4F49-1845-42DF-97DD-2A4086389424}.Debug|Any CPU.Build.0 = Debug|Any CPU
		{675B4F49-1845-42DF-97DD-2A4086389424}.Release|Any CPU.ActiveCfg = Release|Any CPU
		{675B4F49-1845-42DF-97DD-2A4086389424}.Release|Any CPU.Build.0 = Release|Any CPU
	EndGlobalSection
	GlobalSection(SolutionProperties) = preSolution
		HideSolutionNode = FALSE
	EndGlobalSection
	GlobalSection(ExtensibilityGlobals) = postSolution
		SolutionGuid = {39BE9977-15D1-47FC-9E19-5AF5E26DAAE6}
	EndGlobalSection
EndGlobal
